{
  "renv": {
    "Version": "0.6.0-106"
  },
  "R": {
    "Version": "3.6.0",
    "Repositories": [
      {
        "Name": "CRAN",
        "URL": "https://cran.rstudio.com/"
      },
      {
        "Name": "Sage",
        "URL": "http://ran.synapse.org"
      }
    ]
  },
  "Bioconductor": {
    "Repositories": [
      {
        "Name": "BioCsoft",
        "URL": "https://bioconductor.org/packages/3.9/bioc"
      },
      {
        "Name": "BioCann",
        "URL": "https://bioconductor.org/packages/3.9/data/annotation"
      },
      {
        "Name": "BioCexp",
        "URL": "https://bioconductor.org/packages/3.9/data/experiment"
      },
      {
        "Name": "BioCworkflows",
        "URL": "https://bioconductor.org/packages/3.9/workflows"
      },
      {
        "Name": "CRAN",
        "URL": "https://cran.rstudio.com/"
      },
      {
        "Name": "Sage",
        "URL": "http://ran.synapse.org"
      }
    ]
  },
  "Packages": {
    "askpass": {
      "Package": "askpass",
      "Version": "1.1",
      "Source": "CRAN",
      "Hash": "46678e19f261db289be40292d8e5d5bf"
    },
    "assertthat": {
      "Package": "assertthat",
      "Version": "0.2.1",
      "Source": "CRAN",
      "Hash": "19fb3d0ad048b4eb1a05cacffbae1f66"
    },
    "backports": {
      "Package": "backports",
      "Version": "1.1.4",
      "Source": "CRAN",
      "Hash": "2a78bf0825e0088e117520553ceb7fa5"
    },
    "base64enc": {
      "Package": "base64enc",
      "Version": "0.1-3",
      "Source": "CRAN",
      "Hash": "d355963b4b1c3039bfe8d65611a11cca"
    },
    "BH": {
      "Package": "BH",
      "Version": "1.69.0-1",
      "Source": "CRAN",
      "Hash": "0fde015f5153e51df44981da0767f522"
    },
    "cellranger": {
      "Package": "cellranger",
      "Version": "1.1.0",
      "Source": "CRAN",
      "Hash": "2cd2a065192f3ba08a919d8800dba7e0"
    },
    "cli": {
      "Package": "cli",
      "Version": "1.1.0",
      "Source": "CRAN",
      "Hash": "9b3dc7798f53ba3050b41ce4a3febdc5"
    },
    "clipr": {
      "Package": "clipr",
      "Version": "0.6.0",
      "Source": "CRAN",
      "Hash": "1b4c6b49dca948d2f95a741ae8f52edd"
    },
    "colorspace": {
      "Package": "colorspace",
      "Version": "1.4-1",
      "Source": "CRAN",
      "Hash": "c25d49739abb6ebf4b3d0c3565574226"
    },
    "crayon": {
      "Package": "crayon",
      "Version": "1.3.4",
      "Source": "CRAN",
      "Hash": "d308ead32010b8e4d76c4690427da50b"
    },
    "crosstalk": {
      "Package": "crosstalk",
      "Version": "1.0.0",
      "Source": "CRAN",
      "Hash": "2bc962d85f29df259cc1a6930727ce87"
    },
    "curl": {
      "Package": "curl",
      "Version": "3.3",
      "Source": "CRAN",
      "Hash": "208293ffee1d8d6988ec5bcbf7bed49e"
    },
    "data.table": {
      "Package": "data.table",
      "Version": "1.12.2",
      "Source": "CRAN",
      "Hash": "f2f76b5c5394350c4d4ee77dab51d35c"
    },
    "dccvalidator": {
      "Package": "dccvalidator",
      "Version": "0.0.0.9000",
      "Source": "GitHub",
      "Remotes": "Sage-Bionetworks/syndccutils/R",
      "RemoteType": "github",
      "RemoteHost": "api.github.com",
      "RemoteRepo": "dccvalidator",
      "RemoteUsername": "Sage-Bionetworks",
      "RemoteRef": "master",
      "RemoteSha": "2ac304fa433735ebb9e536077fe31e4843fc25aa",
      "Hash": "3da1813e42abb8ca518e514f450154af"
    },
    "digest": {
      "Package": "digest",
      "Version": "0.6.20",
      "Source": "CRAN",
      "Hash": "e90f6670040b5aec92425051fc13ac1c"
    },
    "dplyr": {
      "Package": "dplyr",
      "Version": "0.8.2",
      "Source": "CRAN",
      "Hash": "fca1b2f4014ca9316d8de0d630e5ff59"
    },
    "DT": {
      "Package": "DT",
      "Version": "0.7",
      "Source": "CRAN",
      "Hash": "981ae58e8b540dd02bb331dbef40d130"
    },
    "ellipsis": {
      "Package": "ellipsis",
      "Version": "0.2.0.9000",
      "Source": "GitHub",
      "RemoteType": "github",
      "RemoteHost": "api.github.com",
      "RemoteRepo": "ellipsis",
      "RemoteUsername": "r-lib",
      "RemoteRef": "master",
      "RemoteSha": "c49a8c60588992d6f30ededb5891e032ee582a55",
      "Hash": "9c988b7e34d5a963bd30a719437f9b37"
    },
    "emo": {
      "Package": "emo",
      "Version": "0.0.0.9000",
      "Source": "GitHub",
      "Remotes": "tidyverse/glue",
      "RemoteType": "github",
      "RemoteHost": "api.github.com",
      "RemoteRepo": "emo",
      "RemoteUsername": "hadley",
      "RemoteRef": "master",
      "RemoteSha": "02a520689861c3354f7c6b575e309280b2a3a172",
      "Hash": "5651e69c9f4e329e5df642ffa47a1176"
    },
    "evaluate": {
      "Package": "evaluate",
      "Version": "0.14",
      "Source": "CRAN",
      "Hash": "5a6c1949963e0785dbcbb0556337d61e"
    },
    "fansi": {
      "Package": "fansi",
      "Version": "0.4.0",
      "Source": "CRAN",
      "Hash": "cd87b0162287f0da225edfaa2fd3a20c"
    },
    "feather": {
      "Package": "feather",
      "Version": "0.3.3",
      "Source": "CRAN",
      "Hash": "33df40b9417ea77af76973bb2ea92164"
    },
    "forcats": {
      "Package": "forcats",
      "Version": "0.4.0",
      "Source": "CRAN",
      "Hash": "4d7e4a2ed5adadda6714eb7b9361213b"
    },
    "fs": {
      "Package": "fs",
      "Version": "1.3.1",
      "Source": "CRAN",
      "Hash": "dba7e43c4103d978cb7c95b97987cc68"
    },
    "ggplot2": {
      "Package": "ggplot2",
      "Version": "3.2.0",
      "Source": "CRAN",
      "Hash": "e3b95a7458944efa0ebbb903bcdbe168"
    },
    "glue": {
      "Package": "glue",
      "Version": "1.3.1.9000",
      "Source": "GitHub",
      "RemoteType": "github",
      "RemoteHost": "api.github.com",
      "RemoteRepo": "glue",
      "RemoteUsername": "tidyverse",
      "RemoteRef": "master",
      "RemoteSha": "423b7e55cfd7494185088da0b4746a7c73fba290",
      "Hash": "96877ebf71793786c194addcc839d2b1"
    },
    "gtable": {
      "Package": "gtable",
      "Version": "0.3.0",
      "Source": "CRAN",
      "Hash": "6a58b2980a57345822ec5f9c7d2d1751"
    },
    "hexbin": {
      "Package": "hexbin",
      "Version": "1.27.3",
      "Source": "CRAN",
      "Hash": "dd1a219a8e8212b1808640670893274e"
    },
    "highr": {
      "Package": "highr",
      "Version": "0.8",
      "Source": "CRAN",
      "Hash": "43e36bc8bca1d8256f86933659c46349"
    },
    "hms": {
      "Package": "hms",
      "Version": "0.5.0",
      "Source": "CRAN",
      "Hash": "092e5b11e8fb83b420b1a192ab095263"
    },
    "htmltools": {
      "Package": "htmltools",
      "Version": "0.3.6",
      "Source": "CRAN",
      "Hash": "5132526e7fb28a2c20d1ef443d5c4644"
    },
    "htmlwidgets": {
      "Package": "htmlwidgets",
      "Version": "1.3",
      "Source": "CRAN",
      "Hash": "8aa0ed21f14fc9645367e8bc305415f5"
    },
    "httpuv": {
      "Package": "httpuv",
      "Version": "1.5.1",
      "Source": "CRAN",
      "Hash": "3e4206eb62d89401a2a990eba9b3ecac"
    },
    "httr": {
      "Package": "httr",
      "Version": "1.4.0",
      "Source": "CRAN",
      "Hash": "4a241c31afac61ea4a8a672aa5b0b098"
    },
    "jsonlite": {
      "Package": "jsonlite",
      "Version": "1.6",
      "Source": "CRAN",
      "Hash": "b7e67b6a7bc2fdae729c0f3ff9026a8a"
    },
    "knitr": {
      "Package": "knitr",
      "Version": "1.23",
      "Source": "CRAN",
      "Hash": "39893fe4cbbdca3fce7d9dbdef808cd1"
    },
    "labeling": {
      "Package": "labeling",
      "Version": "0.3",
      "Source": "CRAN",
      "Hash": "e1f613894f080d1eee41c34b281a2184"
    },
    "later": {
      "Package": "later",
      "Version": "0.8.0",
      "Source": "CRAN",
      "Hash": "4d5b806a328e0da75f0f0d4653676552"
    },
    "lattice": {
      "Package": "lattice",
      "Version": "0.20-38",
      "Source": "CRAN",
      "Hash": "6f7aa123115b33bc9ad1ca800874b1de"
    },
    "lazyeval": {
      "Package": "lazyeval",
      "Version": "0.2.2",
      "Source": "CRAN",
      "Hash": "d2f5e98b8b7ae633e252830c3243c2ab"
    },
    "lubridate": {
      "Package": "lubridate",
      "Version": "1.7.4",
      "Source": "CRAN",
      "Hash": "d55fdb3732a8f047e49b86064dd78984"
    },
    "magrittr": {
      "Package": "magrittr",
      "Version": "1.5",
      "Source": "CRAN",
      "Hash": "dee1d97cffddfd3ed969e224bd0826d0"
    },
    "markdown": {
      "Package": "markdown",
      "Version": "1.0",
      "Source": "CRAN",
      "Hash": "4584a57f565dd7987d59dda3a02cfb41"
    },
    "MASS": {
      "Package": "MASS",
      "Version": "7.3-51.4",
      "Source": "CRAN",
      "Hash": "a489ad42493fa9bfac8f3e3a3bc7d4ca"
    },
    "Matrix": {
      "Package": "Matrix",
      "Version": "1.2-17",
      "Source": "CRAN",
      "Hash": "a60009c832f495604f54399f21d89cc8"
    },
    "mgcv": {
      "Package": "mgcv",
      "Version": "1.8-28",
      "Source": "CRAN",
      "Hash": "6ac256e4fdcf33c11f9ed987927cc614"
    },
    "mime": {
      "Package": "mime",
      "Version": "0.7",
      "Source": "CRAN",
      "Hash": "908d95ccbfd1dd274073ef07a7c93934"
    },
    "munsell": {
      "Package": "munsell",
      "Version": "0.5.0",
      "Source": "CRAN",
      "Hash": "9111af6c6dec65538ebd3de6c0bae864"
    },
    "nlme": {
      "Package": "nlme",
      "Version": "3.1-140",
      "Source": "CRAN",
      "Hash": "ad3b02c6f154deac3584133e6e015cd3"
    },
    "openssl": {
      "Package": "openssl",
      "Version": "1.4",
      "Source": "CRAN",
      "Hash": "47db5d3cd9a56588a3140eb5716bd03e"
    },
    "openxlsx": {
      "Package": "openxlsx",
      "Version": "4.1.0.1",
      "Source": "CRAN",
      "Hash": "70d7bf3b6565c00c63421240dfac651c"
    },
    "pack": {
      "Package": "pack",
      "Version": "0.1-1",
      "Source": "CRAN",
      "RemoteType": "standard",
      "RemoteRef": "pack",
      "RemoteRepos": "https://cran.rstudio.com",
      "RemoteSha": "0.1-1",
      "Hash": "297fdfd63080b703a77be9fa81a4d4ca"
    },
    "pander": {
      "Package": "pander",
      "Version": "0.6.3",
      "Source": "CRAN",
      "Hash": "ccc723b9d7b4db7ef57a6109d7835380"
    },
    "pillar": {
      "Package": "pillar",
      "Version": "1.4.2",
      "Source": "CRAN",
      "Hash": "57645ff795277554eee14df5bcee8025"
    },
    "pkgconfig": {
      "Package": "pkgconfig",
      "Version": "2.0.2",
      "Source": "CRAN",
      "Hash": "2dd2d8867e4f0173ea2ce029d630a086"
    },
    "plogr": {
      "Package": "plogr",
      "Version": "0.2.0",
      "Source": "CRAN",
      "Hash": "1a8304cc1382ef64e3b710ba589d7bc0"
    },
    "plotly": {
      "Package": "plotly",
      "Version": "4.9.0.9000",
      "Source": "GitHub",
      "RemoteType": "github",
      "RemoteHost": "api.github.com",
      "RemoteUsername": "ropensci",
      "RemoteRepo": "plotly",
      "RemoteRef": "master",
      "RemoteSha": "a689263996ae0938c2f18987877924178dba9cf6",
      "Hash": "d1417b71a1cb1aa149e420209e004b5b"
    },
    "plyr": {
      "Package": "plyr",
      "Version": "1.8.4",
      "Source": "CRAN",
      "Hash": "37dd0f3aadee2ac99e47168f4bffddb7"
    },
    "prettyunits": {
      "Package": "prettyunits",
      "Version": "1.0.2",
      "Source": "CRAN",
      "Hash": "33ce93b23647e85c127f8e1bb08604fc"
    },
    "progress": {
      "Package": "progress",
      "Version": "1.2.2",
      "Source": "CRAN",
      "Hash": "e8c47e04650b07d40c3c50a878a4dffa"
    },
    "promises": {
      "Package": "promises",
      "Version": "1.0.1",
      "Source": "CRAN",
      "Hash": "f80d162b7cef7e36a0134d1f1084e36d"
    },
    "purrr": {
      "Package": "purrr",
      "Version": "0.3.2",
      "Source": "CRAN",
      "Hash": "c360ab7eabd6e38a83f2475eb97c6344"
    },
    "PythonEmbedInR": {
      "Package": "PythonEmbedInR",
      "Version": "0.3.37",
      "Source": "CRAN",
      "RemoteType": "standard",
      "RemoteRef": "PythonEmbedInR",
      "RemoteRepos": "http://ran.synapse.org",
      "RemoteSha": "0.3.37",
      "Hash": "1c9851afda5c6300be59a1d99fc694dc"
    },
    "R6": {
      "Package": "R6",
      "Version": "2.4.0",
      "Source": "CRAN",
      "Hash": "92b50d943a7c76c67918c1e1beb68627"
    },
    "RColorBrewer": {
      "Package": "RColorBrewer",
      "Version": "1.1-2",
      "Source": "CRAN",
      "Hash": "f8a3bcc800d613797f1dfdf8ef4f0bfc"
    },
    "Rcpp": {
      "Package": "Rcpp",
      "Version": "1.0.1",
      "Source": "CRAN",
      "Hash": "94bf4b635dd6abac1765cff90ba98235"
    },
    "readr": {
      "Package": "readr",
      "Version": "1.3.1",
      "Source": "CRAN",
      "Hash": "60167b7ec3de99e76ff406aaf0f83bb4"
    },
    "readxl": {
      "Package": "readxl",
      "Version": "1.3.1",
      "Source": "CRAN",
      "Hash": "8a8b4695e87c90cc9423eb8994e76819"
    },
    "rematch": {
      "Package": "rematch",
      "Version": "1.0.1",
      "Source": "CRAN",
      "Hash": "d3d55a556f7f2e74f449d6a53b8abf8e"
    },
    "remotes": {
      "Package": "remotes",
      "Version": "2.1.0",
      "Source": "CRAN",
      "Hash": "830aa73278dce9beba583bfe57a5c015"
    },
    "reshape2": {
      "Package": "reshape2",
      "Version": "1.4.3",
      "Source": "CRAN",
      "Hash": "ac685130d1a25e3f6470960fd29c5693"
    },
    "rjson": {
      "Package": "rjson",
      "Version": "0.2.20",
      "Source": "CRAN",
      "Hash": "d3349736ec0f60d05591c316b926382e"
    },
    "rlang": {
      "Package": "rlang",
      "Version": "0.4.0",
      "Source": "CRAN",
      "Hash": "8f1bf3a54c8844dc254baabba61cb6a9"
    },
    "rvest": {
      "Package": "rvest",
      "Version": "0.3.4",
      "Source": "CRAN",
      "Hash": "76bb112bc3833454dc701230aa9cb3ed"
    },
    "scales": {
      "Package": "scales",
      "Version": "1.0.0",
      "Source": "CRAN",
      "Hash": "a96e9571cd875b7b934990d85b7a3c18"
    },
    "selectr": {
      "Package": "selectr",
      "Version": "0.4-1",
      "Source": "CRAN",
      "Hash": "40ccee5dc2b97e197648525aefcfd0ba"
    },
    "shiny": {
      "Package": "shiny",
      "Version": "1.3.2",
      "Source": "CRAN",
      "Hash": "3f96ad878877e005bcf6093c5c7efd9e"
    },
    "shinyBS": {
      "Package": "shinyBS",
      "Version": "0.61",
      "Source": "CRAN",
      "Hash": "09a0b3f7981711a00dc2477a7abc59ab"
    },
    "shinydashboard": {
      "Package": "shinydashboard",
      "Version": "0.7.1",
      "Source": "CRAN",
      "Hash": "12f87658587a6ea64a67e7d559d6491d"
    },
    "skimr": {
      "Package": "skimr",
      "Version": "1.0.7",
      "Source": "CRAN",
      "Hash": "9f6f41df5ca0786682825edd0eb84a3e"
    },
    "sourcetools": {
      "Package": "sourcetools",
      "Version": "0.1.7",
      "Source": "CRAN",
      "Hash": "fc68fa34b8576eaa5a845a46ad75e214"
    },
    "stringi": {
      "Package": "stringi",
      "Version": "1.4.3",
      "Source": "CRAN",
      "Hash": "113506f116db9dd5bd1caf46884e0647"
    },
    "stringr": {
      "Package": "stringr",
      "Version": "1.4.0",
      "Source": "CRAN",
      "Hash": "41d6310ad18bd019a203d7adc496a28b"
    },
    "synapser": {
      "Package": "synapser",
      "Version": "0.6.61",
      "Source": "CRAN",
      "RemoteType": "standard",
      "RemoteRef": "synapser",
      "RemoteRepos": "http://ran.synapse.org",
      "RemoteSha": "0.6.61",
      "Hash": "637a14039d0e4e4698fe509c0a0b0e78"
    },
    "syndccutils": {
      "Package": "syndccutils",
      "Version": "0.0.0.9000",
      "Source": "GitHub",
      "RemoteType": "github",
      "RemoteHost": "api.github.com",
      "RemoteUsername": "Sage-Bionetworks",
      "RemoteRepo": "syndccutils",
      "RemoteSubdir": "R",
      "RemoteRef": "master",
      "RemoteSha": "8ebbb462d3bd502e00d83b5f274ace1f8c18c2d8",
      "Hash": "76760a91bafff1222458d4a6fb9f05f4"
    },
    "sys": {
      "Package": "sys",
      "Version": "3.2",
      "Source": "CRAN",
      "Hash": "272daf1b3ba287a42d02e33c89870eae"
    },
    "tibble": {
      "Package": "tibble",
      "Version": "2.1.3",
      "Source": "CRAN",
      "Hash": "a8d41bd284e21ab7e776d228dc5bac91"
    },
    "tidyr": {
      "Package": "tidyr",
      "Version": "0.8.3.9000",
      "Source": "GitHub",
      "Remotes": "r-lib/vctrs, r-lib/rlang, jennybc/repurrrsive",
      "RemoteType": "github",
      "RemoteHost": "api.github.com",
      "RemoteRepo": "tidyr",
      "RemoteUsername": "tidyverse",
      "RemoteRef": "master",
      "RemoteSha": "7a2b8430868f8830f95e9c0639e7369a97e87bc3",
      "Hash": "6c82b772efec4d19d5bf1f58cc2ea8d0"
    },
    "tidyselect": {
      "Package": "tidyselect",
      "Version": "0.2.5",
      "Source": "CRAN",
      "Hash": "dc3fcbc21f04b293e0794e24982cf357"
    },
    "utf8": {
      "Package": "utf8",
      "Version": "1.1.4",
      "Source": "CRAN",
      "Hash": "3f1a5a5b184f63379f8e6c08d5036c53"
    },
    "vctrs": {
      "Package": "vctrs",
      "Version": "0.2.0",
      "Source": "CRAN",
      "Hash": "4bdc6a6c4c5a434d880b73817d4ea641"
    },
    "viridisLite": {
      "Package": "viridisLite",
      "Version": "0.3.0",
      "Source": "CRAN",
      "Hash": "1f264fa42320c4f44b1689d89101e823"
    },
    "visdat": {
      "Package": "visdat",
      "Version": "0.5.3",
      "Source": "CRAN",
      "Hash": "9bda34c3ecc23952bae1bfa2f70471a4"
    },
    "withr": {
      "Package": "withr",
      "Version": "2.1.2",
      "Source": "CRAN",
      "Hash": "7c9aef08038f47e6c1532ed574a0e087"
    },
    "xfun": {
      "Package": "xfun",
      "Version": "0.7",
      "Source": "CRAN",
      "Hash": "6b504b3cf978ea44cb770b53e69b9f6c"
    },
    "xml2": {
      "Package": "xml2",
      "Version": "1.2.0",
      "Source": "CRAN",
      "Hash": "8a9818f279792f697dab45e8c7cdb3a8"
    },
    "xtable": {
      "Package": "xtable",
      "Version": "1.8-4",
      "Source": "CRAN",
      "Hash": "48f60fcc0974ce72870076d48038df2d"
    },
    "yaml": {
      "Package": "yaml",
      "Version": "2.2.0",
      "Source": "CRAN",
      "Hash": "3a313c96061c4ac790de611dc57ebd1f"
    },
    "zeallot": {
      "Package": "zeallot",
      "Version": "0.1.0",
      "Source": "CRAN",
      "Hash": "45d65588b02d47970fc84adecb2ee664"
    },
    "zip": {
      "Package": "zip",
      "Version": "2.0.2",
      "Source": "CRAN",
      "Hash": "c61c60b9aa516596641a141e6af5f5f8"
    }
  }
}
