{
  "R": {
    "Version": "4.0.2",
    "Repositories": [
      {
        "Name": "CRAN",
        "URL": "https://cloud.r-project.org"
      },
      {
        "Name": "Sage",
        "URL": "http://ran.synapse.org"
      }
    ]
  },
  "Packages": {
    "BH": {
      "Package": "BH",
      "Version": "1.72.0-3",
      "Source": "Repository",
      "Repository": "CRAN",
      "Hash": "f4e7dc756ca5047001eacfa506c357fc"
    },
    "DT": {
      "Package": "DT",
      "Version": "0.15",
      "Source": "Repository",
      "Repository": "CRAN",
      "Hash": "6293cb309aa62927143c72a653fc55cc"
    },
    "MASS": {
      "Package": "MASS",
      "Version": "7.3-53",
      "Source": "Repository",
      "Repository": "CRAN",
      "Hash": "50f011b1e7283771eaca2ef1610d55bd"
    },
    "Matrix": {
      "Package": "Matrix",
      "Version": "1.2-18",
      "Source": "Repository",
      "Repository": "CRAN",
      "Hash": "57faa25f6d4a6b2a4c0137d56d3d1caa"
    },
    "R6": {
      "Package": "R6",
      "Version": "2.4.1",
      "Source": "Repository",
      "Repository": "CRAN",
      "Hash": "2187e80b428a1395b0775bbed1919c3d"
    },
    "RColorBrewer": {
      "Package": "RColorBrewer",
      "Version": "1.1-2",
      "Source": "Repository",
      "Repository": "CRAN",
      "Hash": "809902d01e87357da7dfab3e0ff01087"
    },
    "Rcpp": {
      "Package": "Rcpp",
      "Version": "1.0.5",
      "Source": "Repository",
      "Repository": "CRAN",
      "Hash": "b70d8cdf43de438cfeb0fabc95b80e2f"
    },
    "V8": {
      "Package": "V8",
      "Version": "3.2.0",
      "Source": "Repository",
      "Repository": "CRAN",
      "Hash": "6e399575e95f52c4f869bdae84209e9c"
    },
    "askpass": {
      "Package": "askpass",
      "Version": "1.1",
      "Source": "Repository",
      "Repository": "CRAN",
      "Hash": "70c0d87c618d57f418bba6960d645623"
    },
    "assertthat": {
      "Package": "assertthat",
      "Version": "0.2.1",
      "Source": "Repository",
      "Repository": "CRAN",
      "Hash": "4f2bf2582970b9294d3031c4a4628c66"
    },
    "attempt": {
      "Package": "attempt",
      "Version": "0.3.1",
      "Source": "Repository",
      "Repository": "CRAN",
      "Hash": "038c51f4a2eeb1088c1cf487241e10b4"
    },
    "backports": {
      "Package": "backports",
      "Version": "1.1.10",
      "Source": "Repository",
      "Repository": "CRAN",
      "Hash": "aaa41e8d5dbfbc8862186d68451af9b5"
    },
    "base64enc": {
      "Package": "base64enc",
      "Version": "0.1-3",
      "Source": "Repository",
      "Repository": "CRAN",
      "Hash": "e0d7ac80256d60b416b87ac88711d4b4"
    },
    "brew": {
      "Package": "brew",
      "Version": "1.0-6",
      "Source": "Repository",
      "Repository": "CRAN",
      "Hash": "401994c0c5e1734368be6013317315de"
    },
    "brio": {
      "Package": "brio",
      "Version": "1.1.0",
      "Source": "Repository",
      "Repository": "CRAN",
      "Hash": "b7bbfc12c752b02af5696af4fb8f08e0"
    },
    "callr": {
      "Package": "callr",
      "Version": "3.5.0",
      "Source": "Repository",
      "Repository": "CRAN",
      "Hash": "cd5eaaf4484254996d35fa443e102db3"
    },
    "cellranger": {
      "Package": "cellranger",
      "Version": "1.1.0",
      "Source": "Repository",
      "Repository": "CRAN",
      "Hash": "fa46d315e791d25fe4d4552a2c2458af"
    },
    "cli": {
      "Package": "cli",
      "Version": "2.0.2",
      "Source": "Repository",
      "Repository": "CRAN",
      "Hash": "4ef5a0cf9e617ec1cb0e9943d380a489"
    },
    "clipr": {
      "Package": "clipr",
      "Version": "0.7.1",
      "Source": "Repository",
      "Repository": "CRAN",
      "Hash": "cf8a22309bd9bcb68c39c81054a020fa"
    },
    "colorspace": {
      "Package": "colorspace",
      "Version": "1.4-1",
      "Source": "Repository",
      "Repository": "CRAN",
      "Hash": "02ea402c2f83489444b41755f2ae0dd8"
    },
    "commonmark": {
      "Package": "commonmark",
      "Version": "1.7",
      "Source": "Repository",
      "Repository": "CRAN",
      "Hash": "0223fb58c32e5e77b963de822e9a5824"
    },
    "config": {
      "Package": "config",
      "Version": "0.3",
      "Source": "Repository",
      "Repository": "CRAN",
      "Hash": "ec9c6b3de91f004a96c58fb08ff8569a"
    },
    "covr": {
      "Package": "covr",
      "Version": "3.5.1",
      "Source": "Repository",
      "Repository": "CRAN",
      "Hash": "6446639ffd5e708bd3d05bf1fcbeb3a7"
    },
    "cpp11": {
      "Package": "cpp11",
      "Version": "0.2.2",
      "Source": "Repository",
      "Repository": "CRAN",
      "Hash": "1465c6a031d74cf6ac55331d93597371"
    },
    "crayon": {
      "Package": "crayon",
      "Version": "1.3.4",
      "Source": "Repository",
      "Repository": "CRAN",
      "Hash": "4fe720ae1ae43fcf231f0525edb0b134"
    },
    "crosstalk": {
      "Package": "crosstalk",
      "Version": "1.1.0.1",
      "Source": "Repository",
      "Repository": "CRAN",
      "Hash": "110a0ba9f8ae339221f1b054fa45ce24"
    },
    "curl": {
      "Package": "curl",
      "Version": "4.3",
      "Source": "Repository",
      "Repository": "CRAN",
      "Hash": "5168f99143001162086cb407847bc913"
    },
    "dccvalidator": {
      "Package": "dccvalidator",
      "Version": "0.3.0.9005",
      "Source": "GitHub",
      "RemoteType": "github",
      "RemoteHost": "api.github.com",
      "RemoteUsername": "Sage-Bionetworks",
      "RemoteRepo": "dccvalidator",
      "RemoteRef": "master",
      "RemoteSha": "376307e6fbd7a1b8f0245456f6d0e4ca723309ba",
      "Hash": "cc1754649826009de1dc0a827b5a9ee8"
    },
    "desc": {
      "Package": "desc",
      "Version": "1.2.0",
      "Source": "Repository",
      "Repository": "CRAN",
      "Hash": "89c4eab4192fd8c44971afa4fd258581"
    },
    "devtools": {
      "Package": "devtools",
      "Version": "2.3.2",
      "Source": "Repository",
      "Repository": "CRAN",
      "Hash": "572514c4cd5d4ab313be5a684f48f18f"
    },
    "digest": {
      "Package": "digest",
      "Version": "0.6.25",
      "Source": "Repository",
      "Repository": "CRAN",
      "Hash": "7f6aa6ca0e75aa2014d7ad9dbe8a1ed4"
    },
    "dockerfiler": {
      "Package": "dockerfiler",
      "Version": "0.1.3",
      "Source": "Repository",
      "Repository": "CRAN",
      "Hash": "a63afe8eb92ab9510ef648f931e8219c"
    },
    "downlit": {
      "Package": "downlit",
      "Version": "0.2.0",
      "Source": "Repository",
      "Repository": "CRAN",
      "Hash": "7020bf49ba1704ec3c1d1318e0a5ba01"
    },
    "dplyr": {
      "Package": "dplyr",
      "Version": "1.0.2",
      "Source": "Repository",
      "Repository": "CRAN",
      "Hash": "3b648ae49dae6b03f7e923ff2e280b98"
    },
    "ellipsis": {
      "Package": "ellipsis",
      "Version": "0.3.1",
      "Source": "Repository",
      "Repository": "CRAN",
      "Hash": "af4926e055f9a9944fefb2a2e9025bf1"
    },
    "evaluate": {
      "Package": "evaluate",
      "Version": "0.14",
      "Source": "Repository",
      "Repository": "CRAN",
      "Hash": "e6ef7864d8f0c57609987086f9d17b4d"
    },
    "fansi": {
      "Package": "fansi",
      "Version": "0.4.1",
      "Source": "Repository",
      "Repository": "CRAN",
      "Hash": "25063d1b28ce9188a98f27b321a78b14"
    },
    "farver": {
      "Package": "farver",
      "Version": "2.0.3",
      "Source": "Repository",
      "Repository": "CRAN",
      "Hash": "95810ba851c1a90f80cd2fe8552f285f"
    },
    "fastmap": {
      "Package": "fastmap",
      "Version": "1.0.1",
      "Source": "Repository",
      "Repository": "CRAN",
      "Hash": "b4f8d50067c5feaf3a8fec8801a77d1d"
    },
    "fs": {
      "Package": "fs",
      "Version": "1.5.0",
      "Source": "Repository",
      "Repository": "CRAN",
      "Hash": "750d6997afd3dd6ff53094db93706434"
    },
    "generics": {
      "Package": "generics",
      "Version": "0.0.2",
      "Source": "Repository",
      "Repository": "CRAN",
      "Hash": "b9a2f26d2f7ac0f2639f573803067b85"
    },
    "ggplot2": {
      "Package": "ggplot2",
      "Version": "3.3.2",
      "Source": "Repository",
      "Repository": "CRAN",
      "Hash": "a36f5c96911cf087149d22d2b8d230e4"
    },
    "gh": {
      "Package": "gh",
      "Version": "1.1.0",
      "Source": "Repository",
      "Repository": "CRAN",
      "Hash": "4b47eb203c214d0e0d68010ea2068b86"
    },
    "git2r": {
      "Package": "git2r",
      "Version": "0.27.1",
      "Source": "Repository",
      "Repository": "CRAN",
      "Hash": "38d8c381ab2d4d87fe7add3fc4eeddd0"
    },
    "glue": {
      "Package": "glue",
      "Version": "1.4.2",
      "Source": "Repository",
      "Repository": "CRAN",
      "Hash": "7f58a572011109ce2b0b59a577c00513"
    },
    "golem": {
      "Package": "golem",
      "Version": "0.2.1",
      "Source": "Repository",
      "Repository": "CRAN",
      "Hash": "7d596244d9872e57b665dd9202554970"
    },
    "gtable": {
      "Package": "gtable",
      "Version": "0.3.0",
      "Source": "Repository",
      "Repository": "CRAN",
      "Hash": "fa709b5ea7777926d9e9d59f6fec79c8"
    },
    "here": {
      "Package": "here",
      "Version": "0.1",
      "Source": "Repository",
      "Repository": "CRAN",
      "Hash": "a1ddec7e5d8767e5c078bc4241cd8094"
    },
    "highr": {
      "Package": "highr",
      "Version": "0.8",
      "Source": "Repository",
      "Repository": "CRAN",
      "Hash": "3b5c00fb5d2852db3375d964dbf677f3"
    },
    "hms": {
      "Package": "hms",
      "Version": "0.5.3",
      "Source": "Repository",
      "Repository": "CRAN",
      "Hash": "cb944955a2b3d0dd120ff3889efebd8f"
    },
    "htmltools": {
      "Package": "htmltools",
      "Version": "0.5.0",
      "Source": "Repository",
      "Repository": "CRAN",
      "Hash": "abf3e9d8a07bf6c669f24df5a7a5658a"
    },
    "htmlwidgets": {
      "Package": "htmlwidgets",
      "Version": "1.5.2",
      "Source": "Repository",
      "Repository": "CRAN",
      "Hash": "d07ae79ffad60e98012f07dd3a2ed266"
    },
    "httpuv": {
      "Package": "httpuv",
      "Version": "1.5.4",
      "Source": "Repository",
      "Repository": "CRAN",
      "Hash": "a118ce8b23b43ac729d26d17348c5631"
    },
    "httr": {
      "Package": "httr",
      "Version": "1.4.2",
      "Source": "Repository",
      "Repository": "CRAN",
      "Hash": "a3c0556232cd4d00a1ce1397de28b333"
    },
    "ini": {
      "Package": "ini",
      "Version": "0.3.1",
      "Source": "Repository",
      "Repository": "CRAN",
      "Hash": "66ca8a19456c7478974f3ee947f1a48f"
    },
    "isoband": {
      "Package": "isoband",
      "Version": "0.2.2",
      "Source": "Repository",
      "Repository": "CRAN",
      "Hash": "e108d557dc1b4b52cf841ba98bc5dba1"
    },
    "jsonlite": {
      "Package": "jsonlite",
      "Version": "1.7.1",
      "Source": "Repository",
      "Repository": "CRAN",
      "Hash": "d3633d40971518106238bbfb6931ed12"
    },
    "jsonvalidate": {
      "Package": "jsonvalidate",
      "Version": "1.1.0",
      "Source": "Repository",
      "Repository": "CRAN",
      "Hash": "ce28be321fac4395304877536b40b918"
    },
    "knitr": {
      "Package": "knitr",
      "Version": "1.30",
      "Source": "Repository",
      "Repository": "CRAN",
      "Hash": "8d41baa4f7922cc639b807d9ebca606c"
    },
    "labeling": {
      "Package": "labeling",
      "Version": "0.3",
      "Source": "Repository",
      "Repository": "CRAN",
      "Hash": "58803cd6cb25f225c7e0753ba3060d7c"
    },
    "later": {
      "Package": "later",
      "Version": "1.1.0.1",
      "Source": "Repository",
      "Repository": "CRAN",
      "Hash": "efe056a730f8661815b404e280138c36"
    },
    "lattice": {
      "Package": "lattice",
      "Version": "0.20-41",
      "Source": "Repository",
      "Repository": "CRAN",
      "Hash": "c6512156f126b3ac34da0dddd342d346"
    },
    "lazyeval": {
      "Package": "lazyeval",
      "Version": "0.2.2",
      "Source": "Repository",
      "Repository": "CRAN",
      "Hash": "388e621e8b68b9be8f30caee7abf79e0"
    },
    "lifecycle": {
      "Package": "lifecycle",
      "Version": "0.2.0",
      "Source": "Repository",
      "Repository": "CRAN",
      "Hash": "1f41b363fb94a2db01a1a1b97d796f55"
    },
    "magrittr": {
      "Package": "magrittr",
      "Version": "1.5",
      "Source": "Repository",
      "Repository": "CRAN",
      "Hash": "c7f13848b0679292077bc7997d930862"
    },
    "markdown": {
      "Package": "markdown",
      "Version": "1.1",
      "Source": "Repository",
      "Repository": "CRAN",
      "Hash": "ac81b4e204459c357e029234b460ad9c"
    },
    "memoise": {
      "Package": "memoise",
      "Version": "1.1.0",
      "Source": "Repository",
      "Repository": "CRAN",
      "Hash": "c22bd32e67eb90dd2380d12bfd511343"
    },
    "mgcv": {
      "Package": "mgcv",
      "Version": "1.8-33",
      "Source": "Repository",
      "Repository": "CRAN",
      "Hash": "5d02b2f7ff723b90f33c4eb1d6032d5f"
    },
    "mime": {
      "Package": "mime",
      "Version": "0.9",
      "Source": "Repository",
      "Repository": "CRAN",
      "Hash": "e1c7e9396886f6fe292a0c26a9821442"
    },
    "munsell": {
      "Package": "munsell",
      "Version": "0.5.0",
      "Source": "Repository",
      "Repository": "CRAN",
      "Hash": "a9d583ff02b928a859b6154aeb108d68"
    },
    "nlme": {
      "Package": "nlme",
      "Version": "3.1-149",
      "Source": "Repository",
      "Repository": "CRAN",
      "Hash": "ca963b2af1a1e86cc7ed57c964449ea0"
    },
    "openssl": {
      "Package": "openssl",
      "Version": "1.4.3",
      "Source": "Repository",
      "Repository": "CRAN",
      "Hash": "3d28be9ab61db42f6fb9f93c3a14118c"
    },
    "pillar": {
      "Package": "pillar",
      "Version": "1.4.6",
      "Source": "Repository",
      "Repository": "CRAN",
      "Hash": "5b2f2335113f3b5c0e6896bbb63d7c1c"
    },
    "pkgbuild": {
      "Package": "pkgbuild",
      "Version": "1.1.0",
      "Source": "Repository",
      "Repository": "CRAN",
      "Hash": "97859548a616f215d8cda3183f2e25ca"
    },
    "pkgconfig": {
      "Package": "pkgconfig",
      "Version": "2.0.3",
      "Source": "Repository",
      "Repository": "CRAN",
      "Hash": "6eaefb4637ce9b5156dc4e3d1701432f"
    },
    "pkgdown": {
      "Package": "pkgdown",
      "Version": "1.6.1",
      "Source": "Repository",
      "Repository": "CRAN",
      "Hash": "6afafdce7f29dde21c0a13619b980804"
    },
    "pkgload": {
      "Package": "pkgload",
      "Version": "1.1.0",
      "Source": "Repository",
      "Repository": "CRAN",
      "Hash": "64517a7bd4e736d7a804e813db1d057c"
    },
    "praise": {
      "Package": "praise",
      "Version": "1.0.0",
      "Source": "Repository",
      "Repository": "CRAN",
      "Hash": "d8a7913dd0d845481ec07407f2b76eca"
    },
    "prettyunits": {
      "Package": "prettyunits",
      "Version": "1.1.1",
      "Source": "Repository",
      "Repository": "CRAN",
      "Hash": "a57bdb5d88e6e60bc67f493c9b49f44b"
    },
    "processx": {
      "Package": "processx",
      "Version": "3.4.4",
      "Source": "Repository",
      "Repository": "CRAN",
      "Hash": "679bd818146013ef1b231cca10e227b0"
    },
    "progress": {
      "Package": "progress",
      "Version": "1.2.2",
      "Source": "Repository",
      "Repository": "CRAN",
      "Hash": "0568f608546bb3a5718b4116b1a9c631"
    },
    "promises": {
      "Package": "promises",
      "Version": "1.1.1",
      "Source": "Repository",
      "Repository": "CRAN",
      "Hash": "473d8d8c085bec65c272d197f693ec98"
    },
    "ps": {
      "Package": "ps",
      "Version": "1.3.4",
      "Source": "Repository",
      "Repository": "CRAN",
      "Hash": "fa3eb55f39ee38affd97113c54233718"
    },
    "purrr": {
      "Package": "purrr",
      "Version": "0.3.4",
      "Source": "Repository",
      "Repository": "CRAN",
      "Hash": "3bf617c0cf7cb69c5a5b2cc6bc3662a4"
    },
    "ragg": {
      "Package": "ragg",
      "Version": "0.4.0",
      "Source": "Repository",
      "Repository": "CRAN",
      "Hash": "39a1c3acb1982d94f10ce168b130f031"
    },
    "rappdirs": {
      "Package": "rappdirs",
      "Version": "0.3.1",
      "Source": "Repository",
      "Repository": "CRAN",
      "Hash": "519a4f6ec4dd4e49fe1ad05bbec3ff4d"
    },
    "rcmdcheck": {
      "Package": "rcmdcheck",
      "Version": "1.3.3",
      "Source": "Repository",
      "Repository": "CRAN",
      "Hash": "a3b50479926162d3182abe3ea33f66ac"
    },
    "reactR": {
      "Package": "reactR",
      "Version": "0.4.3",
      "Source": "Repository",
      "Repository": "CRAN",
      "Hash": "fb3c5f409ff9c654663c521488be69fe"
    },
    "reactable": {
      "Package": "reactable",
      "Version": "0.2.3",
      "Source": "Repository",
      "Repository": "CRAN",
      "Hash": "d41c3d37bca929dfdacd4b9e2ba33208"
    },
    "readr": {
      "Package": "readr",
      "Version": "1.4.0",
      "Source": "Repository",
      "Repository": "CRAN",
      "Hash": "d63d34b13d1d9e23d29b6a6d09483d1b"
    },
    "readxl": {
      "Package": "readxl",
      "Version": "1.3.1",
      "Source": "Repository",
      "Repository": "CRAN",
      "Hash": "5d7048d46dfd777953977d3a8c8af377"
    },
    "rematch": {
      "Package": "rematch",
      "Version": "1.0.1",
      "Source": "Repository",
      "Repository": "CRAN",
      "Hash": "828518569c6c37575cf87ac5c3d80a40"
    },
    "rematch2": {
      "Package": "rematch2",
      "Version": "2.1.2",
      "Source": "Repository",
      "Repository": "CRAN",
      "Hash": "ef1b1c56ce4966e2aab14d0b13b6c1cf"
    },
    "remotes": {
      "Package": "remotes",
      "Version": "2.2.0",
      "Source": "Repository",
      "Repository": "CRAN",
      "Hash": "617ccb1c85488c6d918df4026ead9bf2"
    },
    "renv": {
      "Package": "renv",
      "Version": "0.8.2",
      "Source": "Repository",
      "Repository": "CRAN",
      "Hash": "01a8155e7e808589765ec76738e78d4e"
    },
    "repr": {
      "Package": "repr",
      "Version": "1.1.0",
      "Source": "Repository",
      "Repository": "CRAN",
      "Hash": "b86310f685cc68e965a7bdcb76b6116a"
    },
    "reticulate": {
      "Package": "reticulate",
      "Version": "1.16",
      "Source": "Repository",
      "Repository": "CRAN",
      "Hash": "a55db32b8db90fba937296d2c53322b4"
    },
    "rex": {
      "Package": "rex",
      "Version": "1.2.0",
      "Source": "Repository",
      "Repository": "CRAN",
      "Hash": "e77a7e8f34b8f5a073a757d14c02085c"
    },
    "rlang": {
      "Package": "rlang",
      "Version": "0.4.7",
      "Source": "Repository",
      "Repository": "CRAN",
      "Hash": "55a8505e24ce01424209574e3788e896"
    },
    "rmarkdown": {
      "Package": "rmarkdown",
      "Version": "2.4",
      "Source": "Repository",
      "Repository": "CRAN",
      "Hash": "ffc9fca7ab495c1643fdda65166bb9e0"
    },
    "roxygen2": {
      "Package": "roxygen2",
      "Version": "7.1.1",
      "Source": "Repository",
      "Repository": "CRAN",
      "Hash": "594811acd634b0729c44be86359ba960"
    },
    "rprojroot": {
      "Package": "rprojroot",
      "Version": "1.3-2",
      "Source": "Repository",
      "Repository": "CRAN",
      "Hash": "61622cfeddac1d31dfcdf60b4f8dfd58"
    },
    "rstudioapi": {
      "Package": "rstudioapi",
      "Version": "0.11",
      "Source": "Repository",
      "Repository": "CRAN",
      "Hash": "be1d49465d689f277ab9705212fd5c3e"
    },
    "rversions": {
      "Package": "rversions",
      "Version": "2.0.2",
      "Source": "Repository",
      "Repository": "CRAN",
      "Hash": "2bbfe148fff986bb791a44f80db09bed"
    },
    "scales": {
      "Package": "scales",
      "Version": "1.1.1",
      "Source": "Repository",
      "Repository": "CRAN",
      "Hash": "780de75dd3da899d4330da9040b8a131"
    },
    "sessioninfo": {
      "Package": "sessioninfo",
      "Version": "1.1.1",
      "Source": "Repository",
      "Repository": "CRAN",
      "Hash": "6f0abeccff9dd9801e9bb69797e55291"
    },
    "shiny": {
      "Package": "shiny",
      "Version": "1.5.0",
      "Source": "Repository",
      "Repository": "CRAN",
      "Hash": "a8188ea6de9352600f6d90c391d1462e"
    },
    "shinyBS": {
      "Package": "shinyBS",
      "Version": "0.61",
      "Source": "Repository",
      "Repository": "CRAN",
      "Hash": "f474a5b35cb1941c83d9a46e3037d051"
    },
    "shinydashboard": {
      "Package": "shinydashboard",
      "Version": "0.7.1",
      "Source": "Repository",
      "Repository": "CRAN",
      "Hash": "932da392b5bf48193edddfd2016a5882"
    },
    "shinyjs": {
      "Package": "shinyjs",
      "Version": "2.0.0",
      "Source": "Repository",
      "Repository": "CRAN",
      "Hash": "0ee5685dbf0e9854ff0434777c971d86"
    },
    "skimr": {
      "Package": "skimr",
      "Version": "2.1.2",
      "Source": "Repository",
      "Repository": "CRAN",
      "Hash": "973d64e245c0285970d5814d8d1263bf"
    },
    "sourcetools": {
      "Package": "sourcetools",
      "Version": "0.1.7",
      "Source": "Repository",
      "Repository": "CRAN",
      "Hash": "5db46e3373af605b3880ba40b00c88ef"
    },
    "stringi": {
      "Package": "stringi",
      "Version": "1.5.3",
      "Source": "Repository",
      "Repository": "CRAN",
      "Hash": "68ac589a85079d2b2ce20eec98039961"
    },
    "stringr": {
      "Package": "stringr",
      "Version": "1.4.0",
      "Source": "Repository",
      "Repository": "CRAN",
      "Hash": "b976506834098fd4d288662651beb219"
    },
    "sys": {
      "Package": "sys",
      "Version": "3.4",
      "Source": "Repository",
      "Repository": "CRAN",
      "Hash": "bf7e9b78155f140f39725d23690fb78d"
    },
    "systemfonts": {
      "Package": "systemfonts",
      "Version": "0.3.2",
      "Source": "Repository",
      "Repository": "CRAN",
      "Hash": "b2bfa6842e51cb3599cf2013f25d7594"
    },
    "testthat": {
      "Package": "testthat",
      "Version": "2.3.2",
      "Source": "Repository",
      "Repository": "CRAN",
      "Hash": "db15334639af3798a5a895fee08f9e2e"
    },
    "textshaping": {
      "Package": "textshaping",
      "Version": "0.1.1",
      "Source": "Repository",
      "Repository": "CRAN",
      "Hash": "db1d287fd86f3f69127215a95b9270ad"
    },
    "tibble": {
      "Package": "tibble",
      "Version": "3.0.3",
      "Source": "Repository",
      "Repository": "CRAN",
      "Hash": "a2a193c4a0ee08addcc3bbb1f5ad772c"
    },
    "tidyr": {
      "Package": "tidyr",
      "Version": "1.1.2",
      "Source": "Repository",
      "Repository": "CRAN",
      "Hash": "2a7ce89ad6212b5d484cd612a25d145b"
    },
    "tidyselect": {
      "Package": "tidyselect",
      "Version": "1.1.0",
      "Source": "Repository",
      "Repository": "CRAN",
      "Hash": "4cb4bb6a0451d326e9d9d7af03a088ea"
    },
    "tinytex": {
      "Package": "tinytex",
      "Version": "0.26",
      "Source": "Repository",
      "Repository": "CRAN",
      "Hash": "86e97d921ec09f5ecd45c6b068e6e3f8"
    },
    "usethis": {
      "Package": "usethis",
      "Version": "1.6.3",
      "Source": "Repository",
      "Repository": "CRAN",
      "Hash": "8eb681d03ebe677818c19e348feb7460"
    },
    "utf8": {
      "Package": "utf8",
      "Version": "1.1.4",
      "Source": "Repository",
      "Repository": "CRAN",
      "Hash": "ba5f3fc758b225407e3e7afbb4513e47"
    },
    "vctrs": {
      "Package": "vctrs",
      "Version": "0.3.4",
      "Source": "Repository",
      "Repository": "CRAN",
      "Hash": "3939d6c5677e151f681d65b65945477c"
    },
    "viridisLite": {
      "Package": "viridisLite",
      "Version": "0.3.0",
      "Source": "Repository",
      "Repository": "CRAN",
      "Hash": "d4fcb2d4f93e17c5e4a0eab0671cdaa5"
    },
    "visdat": {
      "Package": "visdat",
      "Version": "0.5.3",
      "Source": "Repository",
      "Repository": "CRAN",
      "Hash": "b3ca8c610b5d6ca7196c423e0455ba6a"
    },
    "whisker": {
      "Package": "whisker",
      "Version": "0.4",
      "Source": "Repository",
      "Repository": "CRAN",
      "Hash": "760b9570cb965c90505d15006b6fa202"
    },
    "withr": {
      "Package": "withr",
      "Version": "2.3.0",
      "Source": "Repository",
      "Repository": "CRAN",
      "Hash": "104dd0cf620fe5d89a06888930f43972"
    },
    "xfun": {
      "Package": "xfun",
      "Version": "0.18",
      "Source": "Repository",
      "Repository": "CRAN",
      "Hash": "ad378154f33755e03b826ae53826063a"
    },
    "xml2": {
      "Package": "xml2",
      "Version": "1.3.2",
      "Source": "Repository",
      "Repository": "CRAN",
      "Hash": "cc686b64c38c9fe9711cda0fe18ff1bf"
    },
    "xopen": {
      "Package": "xopen",
      "Version": "1.0.0",
      "Source": "Repository",
      "Repository": "CRAN",
      "Hash": "d98f6b83edd0da25d7d1eac2b7779e50"
    },
    "xtable": {
      "Package": "xtable",
      "Version": "1.8-4",
      "Source": "Repository",
      "Repository": "CRAN",
      "Hash": "6df580d4650776b202dac5f21118292a"
    },
    "yaml": {
      "Package": "yaml",
      "Version": "2.2.1",
      "Source": "Repository",
      "Repository": "CRAN",
      "Hash": "7a8b0932a410ef7cd5ee338d2d991e35"
    }
  }
}
